
Microsoft Visual Studio Solution File, Format Version 12.00
# Visual Studio Version 16
VisualStudioVersion = 16.0.29613.14
MinimumVisualStudioVersion = 10.0.40219.1
Project("{8BC9CEB8-8B4A-11D0-8D11-00A0C91BC942}") = "A+B - 5", "A+B - 5\A+B - 5.vcxproj", "{E2B9C412-3051-4CB3-B23C-28B7042B25A4}"
EndProject
Project("{8BC9CEB8-8B4A-11D0-8D11-00A0C91BC942}") = "A + B -6", "A + B -6\A + B -6.vcxproj", "{8DB026A2-173E-4E5C-8E55-5C871F3D8B85}"
EndProject
Project("{8BC9CEB8-8B4A-11D0-8D11-00A0C91BC942}") = "A + B -7", "A + B -7\A + B -7.vcxproj", "{94407945-D3CF-4B41-91C4-565708FA7998}"
EndProject
Project("{8BC9CEB8-8B4A-11D0-8D11-00A0C91BC942}") = "그대로 출력하기", "그대로 출력하기\그대로 출력하기.vcxproj", "{F369EDEC-CDE7-4A29-BBCD-A7DD293DF56F}"
EndProject
Project("{8BC9CEB8-8B4A-11D0-8D11-00A0C91BC942}") = "숫자의합", "숫자의합\숫자의합.vcxproj", "{2223F67B-5732-4AD2-9B97-6A567D725F21}"
EndProject
Project("{8BC9CEB8-8B4A-11D0-8D11-00A0C91BC942}") = "N찍기", "N찍기\N찍기.vcxproj", "{37D3A993-6CF5-4CB6-8459-DFBB5B917748}"
EndProject
Project("{8BC9CEB8-8B4A-11D0-8D11-00A0C91BC942}") = "열 개씩 끊어 출력하기", "열 개씩 끊어 출력하기\열 개씩 끊어 출력하기.vcxproj", "{1D8D6EBD-6701-49F8-B893-19E0E7797361}"
EndProject
Project("{8BC9CEB8-8B4A-11D0-8D11-00A0C91BC942}") = "스택", "스택\스택.vcxproj", "{629D6C2C-F810-43F8-9490-107687AED89C}"
EndProject
Project("{8BC9CEB8-8B4A-11D0-8D11-00A0C91BC942}") = "단어뒤집기 - 미완", "단어뒤집기\단어뒤집기.vcxproj", "{621115E3-90A4-438A-86A0-38EBAA3DFFE7}"
EndProject
Project("{8BC9CEB8-8B4A-11D0-8D11-00A0C91BC942}") = "죠문제", "죠문제\죠문제.vcxproj", "{57308FEF-1689-4163-83FE-09E0D78A3984}"
EndProject
Project("{8BC9CEB8-8B4A-11D0-8D11-00A0C91BC942}") = "죠문제2", "죠문제2\죠문제2.vcxproj", "{4434D107-83AE-4DFD-9118-9221F9DAE164}"
EndProject
Project("{8BC9CEB8-8B4A-11D0-8D11-00A0C91BC942}") = "죠문제3", "죠문제3\죠문제3.vcxproj", "{3B5CC89A-692A-4702-A4B7-638CDEAF40F4}"
EndProject
Project("{8BC9CEB8-8B4A-11D0-8D11-00A0C91BC942}") = "괄호", "괄호\괄호.vcxproj", "{83199135-EBCB-46AB-BB3E-9D2F683984D3}"
EndProject
Project("{8BC9CEB8-8B4A-11D0-8D11-00A0C91BC942}") = "죠문제4", "죠문제4\죠문제4.vcxproj", "{5362DF56-18FD-4F66-B5E1-E604EF43E4BA}"
EndProject
Project("{8BC9CEB8-8B4A-11D0-8D11-00A0C91BC942}") = "카드2", "카드2\카드2.vcxproj", "{162E5BFF-5A6C-4084-94C7-D2A5BF1963F0}"
EndProject
Project("{8BC9CEB8-8B4A-11D0-8D11-00A0C91BC942}") = "쉬운 문제", "쉬운 문제\쉬운 문제.vcxproj", "{0692D921-A868-4F87-AF9D-5688445D0C3A}"
EndProject
Project("{8BC9CEB8-8B4A-11D0-8D11-00A0C91BC942}") = "더하기 사이클", "더하기 사이클\더하기 사이클.vcxproj", "{DED17ADA-6378-47C1-A5C7-9088C8E6DEC7}"
EndProject
Project("{8BC9CEB8-8B4A-11D0-8D11-00A0C91BC942}") = "단어의개수", "단어의개수\단어의개수.vcxproj", "{E89304E0-4D96-417F-B5F3-8B1BA4E11AAA}"
EndProject
Project("{8BC9CEB8-8B4A-11D0-8D11-00A0C91BC942}") = "문자열 반복", "문자열 반복\문자열 반복.vcxproj", "{42C50385-FD6C-4276-951B-07E109C5235E}"
EndProject
Project("{8BC9CEB8-8B4A-11D0-8D11-00A0C91BC942}") = "알파벳 찾기", "알파벳 찾기\알파벳 찾기.vcxproj", "{F3935657-2C11-4E5D-B7C3-4A7B2CB00E32}"
EndProject
Project("{8BC9CEB8-8B4A-11D0-8D11-00A0C91BC942}") = "알파벳 개수", "알파벳 개수\알파벳 개수.vcxproj", "{A7FE53D4-A702-4186-B43F-956E75EBD0A4}"
EndProject
Project("{8BC9CEB8-8B4A-11D0-8D11-00A0C91BC942}") = "단어공부", "단어공부\단어공부.vcxproj", "{423561B0-571D-41AF-A573-F73523D0E87E}"
EndProject
Project("{8BC9CEB8-8B4A-11D0-8D11-00A0C91BC942}") = "죠문제6", "죠문제6\죠문제6.vcxproj", "{D9A728EF-0498-4970-B480-9661DF213B39}"
EndProject
Project("{8BC9CEB8-8B4A-11D0-8D11-00A0C91BC942}") = "슷자의 갯수", "슷자의 갯수\슷자의 갯수.vcxproj", "{BFC223BA-4C61-4E11-AA76-012010648804}"
EndProject
Project("{8BC9CEB8-8B4A-11D0-8D11-00A0C91BC942}") = "음식 평론가 - 미완", "음식 평론가\음식 평론가.vcxproj", "{2B5FDA0E-9033-423D-B6BC-438CA79E3367}"
EndProject
Project("{8BC9CEB8-8B4A-11D0-8D11-00A0C91BC942}") = "8진수 2진수- 미완", "8진수 2진수\8진수 2진수.vcxproj", "{C3AB2675-063B-4B8F-8E04-FD1518595EB2}"
EndProject
Project("{8BC9CEB8-8B4A-11D0-8D11-00A0C91BC942}") = "완전제곱수", "완전제곱수\완전제곱수.vcxproj", "{79815F32-0BFC-4CD6-90C9-E7E04E2711B2}"
EndProject
Project("{8BC9CEB8-8B4A-11D0-8D11-00A0C91BC942}") = "소수구하기- 미완", "소수구하기\소수구하기.vcxproj", "{320419CC-03CE-45B8-A70A-BED2849D62AF}"
EndProject
Project("{8BC9CEB8-8B4A-11D0-8D11-00A0C91BC942}") = "네수- 미완", "네수\네수.vcxproj", "{C180BFF2-1289-4CB0-BB5D-DA860600AA3D}"
EndProject
Project("{8BC9CEB8-8B4A-11D0-8D11-00A0C91BC942}") = "접미사배열- 미완", "접미사배열\접미사배열.vcxproj", "{2C04D20F-98F8-4587-8541-97914548663F}"
EndProject
Project("{8BC9CEB8-8B4A-11D0-8D11-00A0C91BC942}") = "죠문제7", "죠문제7\죠문제7.vcxproj", "{71F3BC8B-425E-4C2B-B4C7-7FD08F2A0561}"
EndProject
Project("{8BC9CEB8-8B4A-11D0-8D11-00A0C91BC942}") = "소트인사이드-미완", "소트인사이드\소트인사이드.vcxproj", "{C4C08355-6466-4906-8B08-1B283BB6D887}"
EndProject
Project("{8BC9CEB8-8B4A-11D0-8D11-00A0C91BC942}") = "별찍기-12", "별찍기-12\별찍기-12.vcxproj", "{72AD658D-59E7-46E0-B80A-0B09F108932F}"
EndProject
Project("{8BC9CEB8-8B4A-11D0-8D11-00A0C91BC942}") = "오븐시계", "오븐시계\오븐시계.vcxproj", "{12586051-6EA1-4DFC-9380-98D747D19097}"
EndProject
Project("{8BC9CEB8-8B4A-11D0-8D11-00A0C91BC942}") = "평균은 넘겠지-미완", "평균은 넘겠지\평균은 넘겠지.vcxproj", "{0501CB39-D97B-4C0F-AB03-4DF44381005E}"
EndProject
Project("{8BC9CEB8-8B4A-11D0-8D11-00A0C91BC942}") = "인공지능시계", "인공지능시계\인공지능시계.vcxproj", "{805DEA47-A009-4B74-BA46-3E3CC156EB2E}"
EndProject
Project("{8BC9CEB8-8B4A-11D0-8D11-00A0C91BC942}") = "가위바위보", "가위바위보\가위바위보.vcxproj", "{9972751B-F3A6-4DF3-804B-0418D3EE4B4E}"
EndProject
Project("{8BC9CEB8-8B4A-11D0-8D11-00A0C91BC942}") = "팰린드롬", "팰린드롬\팰린드롬.vcxproj", "{287B3192-B789-4512-B92D-18983B9B7592}"
EndProject
Project("{8BC9CEB8-8B4A-11D0-8D11-00A0C91BC942}") = "곱셈", "곱셈\곱셈.vcxproj", "{920DCBEA-F6E6-4436-BE8A-B2F43021A7BC}"
EndProject
Global
	GlobalSection(SolutionConfigurationPlatforms) = preSolution
		Debug|x64 = Debug|x64
		Debug|x86 = Debug|x86
		Release|x64 = Release|x64
		Release|x86 = Release|x86
	EndGlobalSection
	GlobalSection(ProjectConfigurationPlatforms) = postSolution
		{E2B9C412-3051-4CB3-B23C-28B7042B25A4}.Debug|x64.ActiveCfg = Debug|x64
		{E2B9C412-3051-4CB3-B23C-28B7042B25A4}.Debug|x64.Build.0 = Debug|x64
		{E2B9C412-3051-4CB3-B23C-28B7042B25A4}.Debug|x86.ActiveCfg = Debug|Win32
		{E2B9C412-3051-4CB3-B23C-28B7042B25A4}.Debug|x86.Build.0 = Debug|Win32
		{E2B9C412-3051-4CB3-B23C-28B7042B25A4}.Release|x64.ActiveCfg = Release|x64
		{E2B9C412-3051-4CB3-B23C-28B7042B25A4}.Release|x64.Build.0 = Release|x64
		{E2B9C412-3051-4CB3-B23C-28B7042B25A4}.Release|x86.ActiveCfg = Release|Win32
		{E2B9C412-3051-4CB3-B23C-28B7042B25A4}.Release|x86.Build.0 = Release|Win32
		{8DB026A2-173E-4E5C-8E55-5C871F3D8B85}.Debug|x64.ActiveCfg = Debug|x64
		{8DB026A2-173E-4E5C-8E55-5C871F3D8B85}.Debug|x64.Build.0 = Debug|x64
		{8DB026A2-173E-4E5C-8E55-5C871F3D8B85}.Debug|x86.ActiveCfg = Debug|Win32
		{8DB026A2-173E-4E5C-8E55-5C871F3D8B85}.Debug|x86.Build.0 = Debug|Win32
		{8DB026A2-173E-4E5C-8E55-5C871F3D8B85}.Release|x64.ActiveCfg = Release|x64
		{8DB026A2-173E-4E5C-8E55-5C871F3D8B85}.Release|x64.Build.0 = Release|x64
		{8DB026A2-173E-4E5C-8E55-5C871F3D8B85}.Release|x86.ActiveCfg = Release|Win32
		{8DB026A2-173E-4E5C-8E55-5C871F3D8B85}.Release|x86.Build.0 = Release|Win32
		{94407945-D3CF-4B41-91C4-565708FA7998}.Debug|x64.ActiveCfg = Debug|x64
		{94407945-D3CF-4B41-91C4-565708FA7998}.Debug|x64.Build.0 = Debug|x64
		{94407945-D3CF-4B41-91C4-565708FA7998}.Debug|x86.ActiveCfg = Debug|Win32
		{94407945-D3CF-4B41-91C4-565708FA7998}.Debug|x86.Build.0 = Debug|Win32
		{94407945-D3CF-4B41-91C4-565708FA7998}.Release|x64.ActiveCfg = Release|x64
		{94407945-D3CF-4B41-91C4-565708FA7998}.Release|x64.Build.0 = Release|x64
		{94407945-D3CF-4B41-91C4-565708FA7998}.Release|x86.ActiveCfg = Release|Win32
		{94407945-D3CF-4B41-91C4-565708FA7998}.Release|x86.Build.0 = Release|Win32
		{F369EDEC-CDE7-4A29-BBCD-A7DD293DF56F}.Debug|x64.ActiveCfg = Debug|x64
		{F369EDEC-CDE7-4A29-BBCD-A7DD293DF56F}.Debug|x64.Build.0 = Debug|x64
		{F369EDEC-CDE7-4A29-BBCD-A7DD293DF56F}.Debug|x86.ActiveCfg = Debug|Win32
		{F369EDEC-CDE7-4A29-BBCD-A7DD293DF56F}.Debug|x86.Build.0 = Debug|Win32
		{F369EDEC-CDE7-4A29-BBCD-A7DD293DF56F}.Release|x64.ActiveCfg = Release|x64
		{F369EDEC-CDE7-4A29-BBCD-A7DD293DF56F}.Release|x64.Build.0 = Release|x64
		{F369EDEC-CDE7-4A29-BBCD-A7DD293DF56F}.Release|x86.ActiveCfg = Release|Win32
		{F369EDEC-CDE7-4A29-BBCD-A7DD293DF56F}.Release|x86.Build.0 = Release|Win32
		{2223F67B-5732-4AD2-9B97-6A567D725F21}.Debug|x64.ActiveCfg = Debug|x64
		{2223F67B-5732-4AD2-9B97-6A567D725F21}.Debug|x64.Build.0 = Debug|x64
		{2223F67B-5732-4AD2-9B97-6A567D725F21}.Debug|x86.ActiveCfg = Debug|Win32
		{2223F67B-5732-4AD2-9B97-6A567D725F21}.Debug|x86.Build.0 = Debug|Win32
		{2223F67B-5732-4AD2-9B97-6A567D725F21}.Release|x64.ActiveCfg = Release|x64
		{2223F67B-5732-4AD2-9B97-6A567D725F21}.Release|x64.Build.0 = Release|x64
		{2223F67B-5732-4AD2-9B97-6A567D725F21}.Release|x86.ActiveCfg = Release|Win32
		{2223F67B-5732-4AD2-9B97-6A567D725F21}.Release|x86.Build.0 = Release|Win32
		{37D3A993-6CF5-4CB6-8459-DFBB5B917748}.Debug|x64.ActiveCfg = Debug|x64
		{37D3A993-6CF5-4CB6-8459-DFBB5B917748}.Debug|x64.Build.0 = Debug|x64
		{37D3A993-6CF5-4CB6-8459-DFBB5B917748}.Debug|x86.ActiveCfg = Debug|Win32
		{37D3A993-6CF5-4CB6-8459-DFBB5B917748}.Debug|x86.Build.0 = Debug|Win32
		{37D3A993-6CF5-4CB6-8459-DFBB5B917748}.Release|x64.ActiveCfg = Release|x64
		{37D3A993-6CF5-4CB6-8459-DFBB5B917748}.Release|x64.Build.0 = Release|x64
		{37D3A993-6CF5-4CB6-8459-DFBB5B917748}.Release|x86.ActiveCfg = Release|Win32
		{37D3A993-6CF5-4CB6-8459-DFBB5B917748}.Release|x86.Build.0 = Release|Win32
		{1D8D6EBD-6701-49F8-B893-19E0E7797361}.Debug|x64.ActiveCfg = Debug|x64
		{1D8D6EBD-6701-49F8-B893-19E0E7797361}.Debug|x64.Build.0 = Debug|x64
		{1D8D6EBD-6701-49F8-B893-19E0E7797361}.Debug|x86.ActiveCfg = Debug|Win32
		{1D8D6EBD-6701-49F8-B893-19E0E7797361}.Debug|x86.Build.0 = Debug|Win32
		{1D8D6EBD-6701-49F8-B893-19E0E7797361}.Release|x64.ActiveCfg = Release|x64
		{1D8D6EBD-6701-49F8-B893-19E0E7797361}.Release|x64.Build.0 = Release|x64
		{1D8D6EBD-6701-49F8-B893-19E0E7797361}.Release|x86.ActiveCfg = Release|Win32
		{1D8D6EBD-6701-49F8-B893-19E0E7797361}.Release|x86.Build.0 = Release|Win32
		{629D6C2C-F810-43F8-9490-107687AED89C}.Debug|x64.ActiveCfg = Debug|x64
		{629D6C2C-F810-43F8-9490-107687AED89C}.Debug|x64.Build.0 = Debug|x64
		{629D6C2C-F810-43F8-9490-107687AED89C}.Debug|x86.ActiveCfg = Debug|Win32
		{629D6C2C-F810-43F8-9490-107687AED89C}.Debug|x86.Build.0 = Debug|Win32
		{629D6C2C-F810-43F8-9490-107687AED89C}.Release|x64.ActiveCfg = Release|x64
		{629D6C2C-F810-43F8-9490-107687AED89C}.Release|x64.Build.0 = Release|x64
		{629D6C2C-F810-43F8-9490-107687AED89C}.Release|x86.ActiveCfg = Release|Win32
		{629D6C2C-F810-43F8-9490-107687AED89C}.Release|x86.Build.0 = Release|Win32
		{621115E3-90A4-438A-86A0-38EBAA3DFFE7}.Debug|x64.ActiveCfg = Debug|x64
		{621115E3-90A4-438A-86A0-38EBAA3DFFE7}.Debug|x64.Build.0 = Debug|x64
		{621115E3-90A4-438A-86A0-38EBAA3DFFE7}.Debug|x86.ActiveCfg = Debug|Win32
		{621115E3-90A4-438A-86A0-38EBAA3DFFE7}.Debug|x86.Build.0 = Debug|Win32
		{621115E3-90A4-438A-86A0-38EBAA3DFFE7}.Release|x64.ActiveCfg = Release|x64
		{621115E3-90A4-438A-86A0-38EBAA3DFFE7}.Release|x64.Build.0 = Release|x64
		{621115E3-90A4-438A-86A0-38EBAA3DFFE7}.Release|x86.ActiveCfg = Release|Win32
		{621115E3-90A4-438A-86A0-38EBAA3DFFE7}.Release|x86.Build.0 = Release|Win32
		{57308FEF-1689-4163-83FE-09E0D78A3984}.Debug|x64.ActiveCfg = Debug|x64
		{57308FEF-1689-4163-83FE-09E0D78A3984}.Debug|x64.Build.0 = Debug|x64
		{57308FEF-1689-4163-83FE-09E0D78A3984}.Debug|x86.ActiveCfg = Debug|Win32
		{57308FEF-1689-4163-83FE-09E0D78A3984}.Debug|x86.Build.0 = Debug|Win32
		{57308FEF-1689-4163-83FE-09E0D78A3984}.Release|x64.ActiveCfg = Release|x64
		{57308FEF-1689-4163-83FE-09E0D78A3984}.Release|x64.Build.0 = Release|x64
		{57308FEF-1689-4163-83FE-09E0D78A3984}.Release|x86.ActiveCfg = Release|Win32
		{57308FEF-1689-4163-83FE-09E0D78A3984}.Release|x86.Build.0 = Release|Win32
		{4434D107-83AE-4DFD-9118-9221F9DAE164}.Debug|x64.ActiveCfg = Debug|x64
		{4434D107-83AE-4DFD-9118-9221F9DAE164}.Debug|x64.Build.0 = Debug|x64
		{4434D107-83AE-4DFD-9118-9221F9DAE164}.Debug|x86.ActiveCfg = Debug|Win32
		{4434D107-83AE-4DFD-9118-9221F9DAE164}.Debug|x86.Build.0 = Debug|Win32
		{4434D107-83AE-4DFD-9118-9221F9DAE164}.Release|x64.ActiveCfg = Release|x64
		{4434D107-83AE-4DFD-9118-9221F9DAE164}.Release|x64.Build.0 = Release|x64
		{4434D107-83AE-4DFD-9118-9221F9DAE164}.Release|x86.ActiveCfg = Release|Win32
		{4434D107-83AE-4DFD-9118-9221F9DAE164}.Release|x86.Build.0 = Release|Win32
		{3B5CC89A-692A-4702-A4B7-638CDEAF40F4}.Debug|x64.ActiveCfg = Debug|x64
		{3B5CC89A-692A-4702-A4B7-638CDEAF40F4}.Debug|x64.Build.0 = Debug|x64
		{3B5CC89A-692A-4702-A4B7-638CDEAF40F4}.Debug|x86.ActiveCfg = Debug|Win32
		{3B5CC89A-692A-4702-A4B7-638CDEAF40F4}.Debug|x86.Build.0 = Debug|Win32
		{3B5CC89A-692A-4702-A4B7-638CDEAF40F4}.Release|x64.ActiveCfg = Release|x64
		{3B5CC89A-692A-4702-A4B7-638CDEAF40F4}.Release|x64.Build.0 = Release|x64
		{3B5CC89A-692A-4702-A4B7-638CDEAF40F4}.Release|x86.ActiveCfg = Release|Win32
		{3B5CC89A-692A-4702-A4B7-638CDEAF40F4}.Release|x86.Build.0 = Release|Win32
		{83199135-EBCB-46AB-BB3E-9D2F683984D3}.Debug|x64.ActiveCfg = Debug|x64
		{83199135-EBCB-46AB-BB3E-9D2F683984D3}.Debug|x64.Build.0 = Debug|x64
		{83199135-EBCB-46AB-BB3E-9D2F683984D3}.Debug|x86.ActiveCfg = Debug|Win32
		{83199135-EBCB-46AB-BB3E-9D2F683984D3}.Debug|x86.Build.0 = Debug|Win32
		{83199135-EBCB-46AB-BB3E-9D2F683984D3}.Release|x64.ActiveCfg = Release|x64
		{83199135-EBCB-46AB-BB3E-9D2F683984D3}.Release|x64.Build.0 = Release|x64
		{83199135-EBCB-46AB-BB3E-9D2F683984D3}.Release|x86.ActiveCfg = Release|Win32
		{83199135-EBCB-46AB-BB3E-9D2F683984D3}.Release|x86.Build.0 = Release|Win32
		{5362DF56-18FD-4F66-B5E1-E604EF43E4BA}.Debug|x64.ActiveCfg = Debug|x64
		{5362DF56-18FD-4F66-B5E1-E604EF43E4BA}.Debug|x64.Build.0 = Debug|x64
		{5362DF56-18FD-4F66-B5E1-E604EF43E4BA}.Debug|x86.ActiveCfg = Debug|Win32
		{5362DF56-18FD-4F66-B5E1-E604EF43E4BA}.Debug|x86.Build.0 = Debug|Win32
		{5362DF56-18FD-4F66-B5E1-E604EF43E4BA}.Release|x64.ActiveCfg = Release|x64
		{5362DF56-18FD-4F66-B5E1-E604EF43E4BA}.Release|x64.Build.0 = Release|x64
		{5362DF56-18FD-4F66-B5E1-E604EF43E4BA}.Release|x86.ActiveCfg = Release|Win32
		{5362DF56-18FD-4F66-B5E1-E604EF43E4BA}.Release|x86.Build.0 = Release|Win32
		{162E5BFF-5A6C-4084-94C7-D2A5BF1963F0}.Debug|x64.ActiveCfg = Debug|x64
		{162E5BFF-5A6C-4084-94C7-D2A5BF1963F0}.Debug|x64.Build.0 = Debug|x64
		{162E5BFF-5A6C-4084-94C7-D2A5BF1963F0}.Debug|x86.ActiveCfg = Debug|Win32
		{162E5BFF-5A6C-4084-94C7-D2A5BF1963F0}.Debug|x86.Build.0 = Debug|Win32
		{162E5BFF-5A6C-4084-94C7-D2A5BF1963F0}.Release|x64.ActiveCfg = Release|x64
		{162E5BFF-5A6C-4084-94C7-D2A5BF1963F0}.Release|x64.Build.0 = Release|x64
		{162E5BFF-5A6C-4084-94C7-D2A5BF1963F0}.Release|x86.ActiveCfg = Release|Win32
		{162E5BFF-5A6C-4084-94C7-D2A5BF1963F0}.Release|x86.Build.0 = Release|Win32
		{0692D921-A868-4F87-AF9D-5688445D0C3A}.Debug|x64.ActiveCfg = Debug|x64
		{0692D921-A868-4F87-AF9D-5688445D0C3A}.Debug|x64.Build.0 = Debug|x64
		{0692D921-A868-4F87-AF9D-5688445D0C3A}.Debug|x86.ActiveCfg = Debug|Win32
		{0692D921-A868-4F87-AF9D-5688445D0C3A}.Debug|x86.Build.0 = Debug|Win32
		{0692D921-A868-4F87-AF9D-5688445D0C3A}.Release|x64.ActiveCfg = Release|x64
		{0692D921-A868-4F87-AF9D-5688445D0C3A}.Release|x64.Build.0 = Release|x64
		{0692D921-A868-4F87-AF9D-5688445D0C3A}.Release|x86.ActiveCfg = Release|Win32
		{0692D921-A868-4F87-AF9D-5688445D0C3A}.Release|x86.Build.0 = Release|Win32
		{DED17ADA-6378-47C1-A5C7-9088C8E6DEC7}.Debug|x64.ActiveCfg = Debug|x64
		{DED17ADA-6378-47C1-A5C7-9088C8E6DEC7}.Debug|x64.Build.0 = Debug|x64
		{DED17ADA-6378-47C1-A5C7-9088C8E6DEC7}.Debug|x86.ActiveCfg = Debug|Win32
		{DED17ADA-6378-47C1-A5C7-9088C8E6DEC7}.Debug|x86.Build.0 = Debug|Win32
		{DED17ADA-6378-47C1-A5C7-9088C8E6DEC7}.Release|x64.ActiveCfg = Release|x64
		{DED17ADA-6378-47C1-A5C7-9088C8E6DEC7}.Release|x64.Build.0 = Release|x64
		{DED17ADA-6378-47C1-A5C7-9088C8E6DEC7}.Release|x86.ActiveCfg = Release|Win32
		{DED17ADA-6378-47C1-A5C7-9088C8E6DEC7}.Release|x86.Build.0 = Release|Win32
		{E89304E0-4D96-417F-B5F3-8B1BA4E11AAA}.Debug|x64.ActiveCfg = Debug|x64
		{E89304E0-4D96-417F-B5F3-8B1BA4E11AAA}.Debug|x64.Build.0 = Debug|x64
		{E89304E0-4D96-417F-B5F3-8B1BA4E11AAA}.Debug|x86.ActiveCfg = Debug|Win32
		{E89304E0-4D96-417F-B5F3-8B1BA4E11AAA}.Debug|x86.Build.0 = Debug|Win32
		{E89304E0-4D96-417F-B5F3-8B1BA4E11AAA}.Release|x64.ActiveCfg = Release|x64
		{E89304E0-4D96-417F-B5F3-8B1BA4E11AAA}.Release|x64.Build.0 = Release|x64
		{E89304E0-4D96-417F-B5F3-8B1BA4E11AAA}.Release|x86.ActiveCfg = Release|Win32
		{E89304E0-4D96-417F-B5F3-8B1BA4E11AAA}.Release|x86.Build.0 = Release|Win32
		{42C50385-FD6C-4276-951B-07E109C5235E}.Debug|x64.ActiveCfg = Debug|x64
		{42C50385-FD6C-4276-951B-07E109C5235E}.Debug|x64.Build.0 = Debug|x64
		{42C50385-FD6C-4276-951B-07E109C5235E}.Debug|x86.ActiveCfg = Debug|Win32
		{42C50385-FD6C-4276-951B-07E109C5235E}.Debug|x86.Build.0 = Debug|Win32
		{42C50385-FD6C-4276-951B-07E109C5235E}.Release|x64.ActiveCfg = Release|x64
		{42C50385-FD6C-4276-951B-07E109C5235E}.Release|x64.Build.0 = Release|x64
		{42C50385-FD6C-4276-951B-07E109C5235E}.Release|x86.ActiveCfg = Release|Win32
		{42C50385-FD6C-4276-951B-07E109C5235E}.Release|x86.Build.0 = Release|Win32
		{F3935657-2C11-4E5D-B7C3-4A7B2CB00E32}.Debug|x64.ActiveCfg = Debug|x64
		{F3935657-2C11-4E5D-B7C3-4A7B2CB00E32}.Debug|x64.Build.0 = Debug|x64
		{F3935657-2C11-4E5D-B7C3-4A7B2CB00E32}.Debug|x86.ActiveCfg = Debug|Win32
		{F3935657-2C11-4E5D-B7C3-4A7B2CB00E32}.Debug|x86.Build.0 = Debug|Win32
		{F3935657-2C11-4E5D-B7C3-4A7B2CB00E32}.Release|x64.ActiveCfg = Release|x64
		{F3935657-2C11-4E5D-B7C3-4A7B2CB00E32}.Release|x64.Build.0 = Release|x64
		{F3935657-2C11-4E5D-B7C3-4A7B2CB00E32}.Release|x86.ActiveCfg = Release|Win32
		{F3935657-2C11-4E5D-B7C3-4A7B2CB00E32}.Release|x86.Build.0 = Release|Win32
		{A7FE53D4-A702-4186-B43F-956E75EBD0A4}.Debug|x64.ActiveCfg = Debug|x64
		{A7FE53D4-A702-4186-B43F-956E75EBD0A4}.Debug|x64.Build.0 = Debug|x64
		{A7FE53D4-A702-4186-B43F-956E75EBD0A4}.Debug|x86.ActiveCfg = Debug|Win32
		{A7FE53D4-A702-4186-B43F-956E75EBD0A4}.Debug|x86.Build.0 = Debug|Win32
		{A7FE53D4-A702-4186-B43F-956E75EBD0A4}.Release|x64.ActiveCfg = Release|x64
		{A7FE53D4-A702-4186-B43F-956E75EBD0A4}.Release|x64.Build.0 = Release|x64
		{A7FE53D4-A702-4186-B43F-956E75EBD0A4}.Release|x86.ActiveCfg = Release|Win32
		{A7FE53D4-A702-4186-B43F-956E75EBD0A4}.Release|x86.Build.0 = Release|Win32
		{423561B0-571D-41AF-A573-F73523D0E87E}.Debug|x64.ActiveCfg = Debug|x64
		{423561B0-571D-41AF-A573-F73523D0E87E}.Debug|x64.Build.0 = Debug|x64
		{423561B0-571D-41AF-A573-F73523D0E87E}.Debug|x86.ActiveCfg = Debug|Win32
		{423561B0-571D-41AF-A573-F73523D0E87E}.Debug|x86.Build.0 = Debug|Win32
		{423561B0-571D-41AF-A573-F73523D0E87E}.Release|x64.ActiveCfg = Release|x64
		{423561B0-571D-41AF-A573-F73523D0E87E}.Release|x64.Build.0 = Release|x64
		{423561B0-571D-41AF-A573-F73523D0E87E}.Release|x86.ActiveCfg = Release|Win32
		{423561B0-571D-41AF-A573-F73523D0E87E}.Release|x86.Build.0 = Release|Win32
		{D9A728EF-0498-4970-B480-9661DF213B39}.Debug|x64.ActiveCfg = Debug|x64
		{D9A728EF-0498-4970-B480-9661DF213B39}.Debug|x64.Build.0 = Debug|x64
		{D9A728EF-0498-4970-B480-9661DF213B39}.Debug|x86.ActiveCfg = Debug|Win32
		{D9A728EF-0498-4970-B480-9661DF213B39}.Debug|x86.Build.0 = Debug|Win32
		{D9A728EF-0498-4970-B480-9661DF213B39}.Release|x64.ActiveCfg = Release|x64
		{D9A728EF-0498-4970-B480-9661DF213B39}.Release|x64.Build.0 = Release|x64
		{D9A728EF-0498-4970-B480-9661DF213B39}.Release|x86.ActiveCfg = Release|Win32
		{D9A728EF-0498-4970-B480-9661DF213B39}.Release|x86.Build.0 = Release|Win32
		{BFC223BA-4C61-4E11-AA76-012010648804}.Debug|x64.ActiveCfg = Debug|x64
		{BFC223BA-4C61-4E11-AA76-012010648804}.Debug|x64.Build.0 = Debug|x64
		{BFC223BA-4C61-4E11-AA76-012010648804}.Debug|x86.ActiveCfg = Debug|Win32
		{BFC223BA-4C61-4E11-AA76-012010648804}.Debug|x86.Build.0 = Debug|Win32
		{BFC223BA-4C61-4E11-AA76-012010648804}.Release|x64.ActiveCfg = Release|x64
		{BFC223BA-4C61-4E11-AA76-012010648804}.Release|x64.Build.0 = Release|x64
		{BFC223BA-4C61-4E11-AA76-012010648804}.Release|x86.ActiveCfg = Release|Win32
		{BFC223BA-4C61-4E11-AA76-012010648804}.Release|x86.Build.0 = Release|Win32
		{2B5FDA0E-9033-423D-B6BC-438CA79E3367}.Debug|x64.ActiveCfg = Debug|x64
		{2B5FDA0E-9033-423D-B6BC-438CA79E3367}.Debug|x64.Build.0 = Debug|x64
		{2B5FDA0E-9033-423D-B6BC-438CA79E3367}.Debug|x86.ActiveCfg = Debug|Win32
		{2B5FDA0E-9033-423D-B6BC-438CA79E3367}.Debug|x86.Build.0 = Debug|Win32
		{2B5FDA0E-9033-423D-B6BC-438CA79E3367}.Release|x64.ActiveCfg = Release|x64
		{2B5FDA0E-9033-423D-B6BC-438CA79E3367}.Release|x64.Build.0 = Release|x64
		{2B5FDA0E-9033-423D-B6BC-438CA79E3367}.Release|x86.ActiveCfg = Release|Win32
		{2B5FDA0E-9033-423D-B6BC-438CA79E3367}.Release|x86.Build.0 = Release|Win32
		{C3AB2675-063B-4B8F-8E04-FD1518595EB2}.Debug|x64.ActiveCfg = Debug|x64
		{C3AB2675-063B-4B8F-8E04-FD1518595EB2}.Debug|x64.Build.0 = Debug|x64
		{C3AB2675-063B-4B8F-8E04-FD1518595EB2}.Debug|x86.ActiveCfg = Debug|Win32
		{C3AB2675-063B-4B8F-8E04-FD1518595EB2}.Debug|x86.Build.0 = Debug|Win32
		{C3AB2675-063B-4B8F-8E04-FD1518595EB2}.Release|x64.ActiveCfg = Release|x64
		{C3AB2675-063B-4B8F-8E04-FD1518595EB2}.Release|x64.Build.0 = Release|x64
		{C3AB2675-063B-4B8F-8E04-FD1518595EB2}.Release|x86.ActiveCfg = Release|Win32
		{C3AB2675-063B-4B8F-8E04-FD1518595EB2}.Release|x86.Build.0 = Release|Win32
		{79815F32-0BFC-4CD6-90C9-E7E04E2711B2}.Debug|x64.ActiveCfg = Debug|x64
		{79815F32-0BFC-4CD6-90C9-E7E04E2711B2}.Debug|x64.Build.0 = Debug|x64
		{79815F32-0BFC-4CD6-90C9-E7E04E2711B2}.Debug|x86.ActiveCfg = Debug|Win32
		{79815F32-0BFC-4CD6-90C9-E7E04E2711B2}.Debug|x86.Build.0 = Debug|Win32
		{79815F32-0BFC-4CD6-90C9-E7E04E2711B2}.Release|x64.ActiveCfg = Release|x64
		{79815F32-0BFC-4CD6-90C9-E7E04E2711B2}.Release|x64.Build.0 = Release|x64
		{79815F32-0BFC-4CD6-90C9-E7E04E2711B2}.Release|x86.ActiveCfg = Release|Win32
		{79815F32-0BFC-4CD6-90C9-E7E04E2711B2}.Release|x86.Build.0 = Release|Win32
		{320419CC-03CE-45B8-A70A-BED2849D62AF}.Debug|x64.ActiveCfg = Debug|x64
		{320419CC-03CE-45B8-A70A-BED2849D62AF}.Debug|x64.Build.0 = Debug|x64
		{320419CC-03CE-45B8-A70A-BED2849D62AF}.Debug|x86.ActiveCfg = Debug|Win32
		{320419CC-03CE-45B8-A70A-BED2849D62AF}.Debug|x86.Build.0 = Debug|Win32
		{320419CC-03CE-45B8-A70A-BED2849D62AF}.Release|x64.ActiveCfg = Release|x64
		{320419CC-03CE-45B8-A70A-BED2849D62AF}.Release|x64.Build.0 = Release|x64
		{320419CC-03CE-45B8-A70A-BED2849D62AF}.Release|x86.ActiveCfg = Release|Win32
		{320419CC-03CE-45B8-A70A-BED2849D62AF}.Release|x86.Build.0 = Release|Win32
		{C180BFF2-1289-4CB0-BB5D-DA860600AA3D}.Debug|x64.ActiveCfg = Debug|x64
		{C180BFF2-1289-4CB0-BB5D-DA860600AA3D}.Debug|x64.Build.0 = Debug|x64
		{C180BFF2-1289-4CB0-BB5D-DA860600AA3D}.Debug|x86.ActiveCfg = Debug|Win32
		{C180BFF2-1289-4CB0-BB5D-DA860600AA3D}.Debug|x86.Build.0 = Debug|Win32
		{C180BFF2-1289-4CB0-BB5D-DA860600AA3D}.Release|x64.ActiveCfg = Release|x64
		{C180BFF2-1289-4CB0-BB5D-DA860600AA3D}.Release|x64.Build.0 = Release|x64
		{C180BFF2-1289-4CB0-BB5D-DA860600AA3D}.Release|x86.ActiveCfg = Release|Win32
		{C180BFF2-1289-4CB0-BB5D-DA860600AA3D}.Release|x86.Build.0 = Release|Win32
		{2C04D20F-98F8-4587-8541-97914548663F}.Debug|x64.ActiveCfg = Debug|x64
		{2C04D20F-98F8-4587-8541-97914548663F}.Debug|x64.Build.0 = Debug|x64
		{2C04D20F-98F8-4587-8541-97914548663F}.Debug|x86.ActiveCfg = Debug|Win32
		{2C04D20F-98F8-4587-8541-97914548663F}.Debug|x86.Build.0 = Debug|Win32
		{2C04D20F-98F8-4587-8541-97914548663F}.Release|x64.ActiveCfg = Release|x64
		{2C04D20F-98F8-4587-8541-97914548663F}.Release|x64.Build.0 = Release|x64
		{2C04D20F-98F8-4587-8541-97914548663F}.Release|x86.ActiveCfg = Release|Win32
		{2C04D20F-98F8-4587-8541-97914548663F}.Release|x86.Build.0 = Release|Win32
		{71F3BC8B-425E-4C2B-B4C7-7FD08F2A0561}.Debug|x64.ActiveCfg = Debug|x64
		{71F3BC8B-425E-4C2B-B4C7-7FD08F2A0561}.Debug|x64.Build.0 = Debug|x64
		{71F3BC8B-425E-4C2B-B4C7-7FD08F2A0561}.Debug|x86.ActiveCfg = Debug|Win32
		{71F3BC8B-425E-4C2B-B4C7-7FD08F2A0561}.Debug|x86.Build.0 = Debug|Win32
		{71F3BC8B-425E-4C2B-B4C7-7FD08F2A0561}.Release|x64.ActiveCfg = Release|x64
		{71F3BC8B-425E-4C2B-B4C7-7FD08F2A0561}.Release|x64.Build.0 = Release|x64
		{71F3BC8B-425E-4C2B-B4C7-7FD08F2A0561}.Release|x86.ActiveCfg = Release|Win32
		{71F3BC8B-425E-4C2B-B4C7-7FD08F2A0561}.Release|x86.Build.0 = Release|Win32
		{C4C08355-6466-4906-8B08-1B283BB6D887}.Debug|x64.ActiveCfg = Debug|x64
		{C4C08355-6466-4906-8B08-1B283BB6D887}.Debug|x64.Build.0 = Debug|x64
		{C4C08355-6466-4906-8B08-1B283BB6D887}.Debug|x86.ActiveCfg = Debug|Win32
		{C4C08355-6466-4906-8B08-1B283BB6D887}.Debug|x86.Build.0 = Debug|Win32
		{C4C08355-6466-4906-8B08-1B283BB6D887}.Release|x64.ActiveCfg = Release|x64
		{C4C08355-6466-4906-8B08-1B283BB6D887}.Release|x64.Build.0 = Release|x64
		{C4C08355-6466-4906-8B08-1B283BB6D887}.Release|x86.ActiveCfg = Release|Win32
		{C4C08355-6466-4906-8B08-1B283BB6D887}.Release|x86.Build.0 = Release|Win32
		{72AD658D-59E7-46E0-B80A-0B09F108932F}.Debug|x64.ActiveCfg = Debug|x64
		{72AD658D-59E7-46E0-B80A-0B09F108932F}.Debug|x64.Build.0 = Debug|x64
		{72AD658D-59E7-46E0-B80A-0B09F108932F}.Debug|x86.ActiveCfg = Debug|Win32
		{72AD658D-59E7-46E0-B80A-0B09F108932F}.Debug|x86.Build.0 = Debug|Win32
		{72AD658D-59E7-46E0-B80A-0B09F108932F}.Release|x64.ActiveCfg = Release|x64
		{72AD658D-59E7-46E0-B80A-0B09F108932F}.Release|x64.Build.0 = Release|x64
		{72AD658D-59E7-46E0-B80A-0B09F108932F}.Release|x86.ActiveCfg = Release|Win32
		{72AD658D-59E7-46E0-B80A-0B09F108932F}.Release|x86.Build.0 = Release|Win32
		{12586051-6EA1-4DFC-9380-98D747D19097}.Debug|x64.ActiveCfg = Debug|x64
		{12586051-6EA1-4DFC-9380-98D747D19097}.Debug|x64.Build.0 = Debug|x64
		{12586051-6EA1-4DFC-9380-98D747D19097}.Debug|x86.ActiveCfg = Debug|Win32
		{12586051-6EA1-4DFC-9380-98D747D19097}.Debug|x86.Build.0 = Debug|Win32
		{12586051-6EA1-4DFC-9380-98D747D19097}.Release|x64.ActiveCfg = Release|x64
		{12586051-6EA1-4DFC-9380-98D747D19097}.Release|x64.Build.0 = Release|x64
		{12586051-6EA1-4DFC-9380-98D747D19097}.Release|x86.ActiveCfg = Release|Win32
		{12586051-6EA1-4DFC-9380-98D747D19097}.Release|x86.Build.0 = Release|Win32
		{0501CB39-D97B-4C0F-AB03-4DF44381005E}.Debug|x64.ActiveCfg = Debug|x64
		{0501CB39-D97B-4C0F-AB03-4DF44381005E}.Debug|x64.Build.0 = Debug|x64
		{0501CB39-D97B-4C0F-AB03-4DF44381005E}.Debug|x86.ActiveCfg = Debug|Win32
		{0501CB39-D97B-4C0F-AB03-4DF44381005E}.Debug|x86.Build.0 = Debug|Win32
		{0501CB39-D97B-4C0F-AB03-4DF44381005E}.Release|x64.ActiveCfg = Release|x64
		{0501CB39-D97B-4C0F-AB03-4DF44381005E}.Release|x64.Build.0 = Release|x64
		{0501CB39-D97B-4C0F-AB03-4DF44381005E}.Release|x86.ActiveCfg = Release|Win32
		{0501CB39-D97B-4C0F-AB03-4DF44381005E}.Release|x86.Build.0 = Release|Win32
		{805DEA47-A009-4B74-BA46-3E3CC156EB2E}.Debug|x64.ActiveCfg = Debug|x64
		{805DEA47-A009-4B74-BA46-3E3CC156EB2E}.Debug|x64.Build.0 = Debug|x64
		{805DEA47-A009-4B74-BA46-3E3CC156EB2E}.Debug|x86.ActiveCfg = Debug|Win32
		{805DEA47-A009-4B74-BA46-3E3CC156EB2E}.Debug|x86.Build.0 = Debug|Win32
		{805DEA47-A009-4B74-BA46-3E3CC156EB2E}.Release|x64.ActiveCfg = Release|x64
		{805DEA47-A009-4B74-BA46-3E3CC156EB2E}.Release|x64.Build.0 = Release|x64
		{805DEA47-A009-4B74-BA46-3E3CC156EB2E}.Release|x86.ActiveCfg = Release|Win32
		{805DEA47-A009-4B74-BA46-3E3CC156EB2E}.Release|x86.Build.0 = Release|Win32
		{9972751B-F3A6-4DF3-804B-0418D3EE4B4E}.Debug|x64.ActiveCfg = Debug|x64
		{9972751B-F3A6-4DF3-804B-0418D3EE4B4E}.Debug|x64.Build.0 = Debug|x64
		{9972751B-F3A6-4DF3-804B-0418D3EE4B4E}.Debug|x86.ActiveCfg = Debug|Win32
		{9972751B-F3A6-4DF3-804B-0418D3EE4B4E}.Debug|x86.Build.0 = Debug|Win32
		{9972751B-F3A6-4DF3-804B-0418D3EE4B4E}.Release|x64.ActiveCfg = Release|x64
		{9972751B-F3A6-4DF3-804B-0418D3EE4B4E}.Release|x64.Build.0 = Release|x64
		{9972751B-F3A6-4DF3-804B-0418D3EE4B4E}.Release|x86.ActiveCfg = Release|Win32
		{9972751B-F3A6-4DF3-804B-0418D3EE4B4E}.Release|x86.Build.0 = Release|Win32
		{287B3192-B789-4512-B92D-18983B9B7592}.Debug|x64.ActiveCfg = Debug|x64
		{287B3192-B789-4512-B92D-18983B9B7592}.Debug|x64.Build.0 = Debug|x64
		{287B3192-B789-4512-B92D-18983B9B7592}.Debug|x86.ActiveCfg = Debug|Win32
		{287B3192-B789-4512-B92D-18983B9B7592}.Debug|x86.Build.0 = Debug|Win32
		{287B3192-B789-4512-B92D-18983B9B7592}.Release|x64.ActiveCfg = Release|x64
		{287B3192-B789-4512-B92D-18983B9B7592}.Release|x64.Build.0 = Release|x64
		{287B3192-B789-4512-B92D-18983B9B7592}.Release|x86.ActiveCfg = Release|Win32
		{287B3192-B789-4512-B92D-18983B9B7592}.Release|x86.Build.0 = Release|Win32
		{920DCBEA-F6E6-4436-BE8A-B2F43021A7BC}.Debug|x64.ActiveCfg = Debug|x64
		{920DCBEA-F6E6-4436-BE8A-B2F43021A7BC}.Debug|x64.Build.0 = Debug|x64
		{920DCBEA-F6E6-4436-BE8A-B2F43021A7BC}.Debug|x86.ActiveCfg = Debug|Win32
		{920DCBEA-F6E6-4436-BE8A-B2F43021A7BC}.Debug|x86.Build.0 = Debug|Win32
		{920DCBEA-F6E6-4436-BE8A-B2F43021A7BC}.Release|x64.ActiveCfg = Release|x64
		{920DCBEA-F6E6-4436-BE8A-B2F43021A7BC}.Release|x64.Build.0 = Release|x64
		{920DCBEA-F6E6-4436-BE8A-B2F43021A7BC}.Release|x86.ActiveCfg = Release|Win32
		{920DCBEA-F6E6-4436-BE8A-B2F43021A7BC}.Release|x86.Build.0 = Release|Win32
	EndGlobalSection
	GlobalSection(SolutionProperties) = preSolution
		HideSolutionNode = FALSE
	EndGlobalSection
	GlobalSection(ExtensibilityGlobals) = postSolution
		SolutionGuid = {25F97552-C1D1-4BDD-8DFC-9ADF76C5E24F}
	EndGlobalSection
EndGlobal
