
Microsoft Visual Studio Solution File, Format Version 12.00
# Visual Studio Version 16
VisualStudioVersion = 16.0.29613.14
MinimumVisualStudioVersion = 10.0.40219.1
Project("{8BC9CEB8-8B4A-11D0-8D11-00A0C91BC942}") = "A+B - 5", "A+B - 5\A+B - 5.vcxproj", "{E2B9C412-3051-4CB3-B23C-28B7042B25A4}"
EndProject
Project("{8BC9CEB8-8B4A-11D0-8D11-00A0C91BC942}") = "A + B -6", "A + B -6\A + B -6.vcxproj", "{8DB026A2-173E-4E5C-8E55-5C871F3D8B85}"
EndProject
Project("{8BC9CEB8-8B4A-11D0-8D11-00A0C91BC942}") = "A + B -7", "A + B -7\A + B -7.vcxproj", "{94407945-D3CF-4B41-91C4-565708FA7998}"
EndProject
Project("{8BC9CEB8-8B4A-11D0-8D11-00A0C91BC942}") = "그대로 출력하기", "그대로 출력하기\그대로 출력하기.vcxproj", "{F369EDEC-CDE7-4A29-BBCD-A7DD293DF56F}"
EndProject
Project("{8BC9CEB8-8B4A-11D0-8D11-00A0C91BC942}") = "숫자의합", "숫자의합\숫자의합.vcxproj", "{2223F67B-5732-4AD2-9B97-6A567D725F21}"
EndProject
Project("{8BC9CEB8-8B4A-11D0-8D11-00A0C91BC942}") = "N찍기", "N찍기\N찍기.vcxproj", "{37D3A993-6CF5-4CB6-8459-DFBB5B917748}"
EndProject
Project("{8BC9CEB8-8B4A-11D0-8D11-00A0C91BC942}") = "열 개씩 끊어 출력하기", "열 개씩 끊어 출력하기\열 개씩 끊어 출력하기.vcxproj", "{1D8D6EBD-6701-49F8-B893-19E0E7797361}"
EndProject
Project("{8BC9CEB8-8B4A-11D0-8D11-00A0C91BC942}") = "스택", "스택\스택.vcxproj", "{629D6C2C-F810-43F8-9490-107687AED89C}"
EndProject
Project("{8BC9CEB8-8B4A-11D0-8D11-00A0C91BC942}") = "단어뒤집기", "단어뒤집기\단어뒤집기.vcxproj", "{621115E3-90A4-438A-86A0-38EBAA3DFFE7}"
EndProject
Project("{8BC9CEB8-8B4A-11D0-8D11-00A0C91BC942}") = "죠문제", "죠문제\죠문제.vcxproj", "{57308FEF-1689-4163-83FE-09E0D78A3984}"
EndProject
Project("{8BC9CEB8-8B4A-11D0-8D11-00A0C91BC942}") = "죠문제2", "죠문제2\죠문제2.vcxproj", "{4434D107-83AE-4DFD-9118-9221F9DAE164}"
EndProject
Project("{8BC9CEB8-8B4A-11D0-8D11-00A0C91BC942}") = "죠문제3", "죠문제3\죠문제3.vcxproj", "{3B5CC89A-692A-4702-A4B7-638CDEAF40F4}"
EndProject
Project("{8BC9CEB8-8B4A-11D0-8D11-00A0C91BC942}") = "괄호", "괄호\괄호.vcxproj", "{83199135-EBCB-46AB-BB3E-9D2F683984D3}"
EndProject
Project("{8BC9CEB8-8B4A-11D0-8D11-00A0C91BC942}") = "죠문제4", "죠문제4\죠문제4.vcxproj", "{5362DF56-18FD-4F66-B5E1-E604EF43E4BA}"
EndProject
Project("{8BC9CEB8-8B4A-11D0-8D11-00A0C91BC942}") = "카드2", "카드2\카드2.vcxproj", "{162E5BFF-5A6C-4084-94C7-D2A5BF1963F0}"
EndProject
Project("{8BC9CEB8-8B4A-11D0-8D11-00A0C91BC942}") = "쉬운 문제", "쉬운 문제\쉬운 문제.vcxproj", "{0692D921-A868-4F87-AF9D-5688445D0C3A}"
EndProject
Project("{8BC9CEB8-8B4A-11D0-8D11-00A0C91BC942}") = "더하기 사이클", "더하기 사이클\더하기 사이클.vcxproj", "{DED17ADA-6378-47C1-A5C7-9088C8E6DEC7}"
EndProject
Project("{8BC9CEB8-8B4A-11D0-8D11-00A0C91BC942}") = "단어정렬-미완", "단어정렬\단어정렬.vcxproj", "{935C06FB-1297-4E1A-B0BB-9DC15115466A}"
EndProject
Project("{8BC9CEB8-8B4A-11D0-8D11-00A0C91BC942}") = "4948-미완", "4948-미완\4948-미완.vcxproj", "{3AB79EB7-1DF5-43E8-A99E-2BD64FE77769}"
EndProject
Project("{8BC9CEB8-8B4A-11D0-8D11-00A0C91BC942}") = "수찾기", "수찾기\수찾기.vcxproj", "{815730D8-F9ED-4852-80F7-B633CA6F64E9}"
EndProject
Project("{8BC9CEB8-8B4A-11D0-8D11-00A0C91BC942}") = "소인수분해", "소인수분해\소인수분해.vcxproj", "{173C674E-C717-4AD3-875A-9FF02805B009}"
EndProject
Project("{8BC9CEB8-8B4A-11D0-8D11-00A0C91BC942}") = "가장 긴 증가하는 부분 수열", "가장 긴 증가하는 부분 수열\가장 긴 증가하는 부분 수열.vcxproj", "{47DFCBBE-1334-4035-9210-99D25F8CC358}"
EndProject
Global
	GlobalSection(SolutionConfigurationPlatforms) = preSolution
		Debug|x64 = Debug|x64
		Debug|x86 = Debug|x86
		Release|x64 = Release|x64
		Release|x86 = Release|x86
	EndGlobalSection
	GlobalSection(ProjectConfigurationPlatforms) = postSolution
		{E2B9C412-3051-4CB3-B23C-28B7042B25A4}.Debug|x64.ActiveCfg = Debug|x64
		{E2B9C412-3051-4CB3-B23C-28B7042B25A4}.Debug|x64.Build.0 = Debug|x64
		{E2B9C412-3051-4CB3-B23C-28B7042B25A4}.Debug|x86.ActiveCfg = Debug|Win32
		{E2B9C412-3051-4CB3-B23C-28B7042B25A4}.Debug|x86.Build.0 = Debug|Win32
		{E2B9C412-3051-4CB3-B23C-28B7042B25A4}.Release|x64.ActiveCfg = Release|x64
		{E2B9C412-3051-4CB3-B23C-28B7042B25A4}.Release|x64.Build.0 = Release|x64
		{E2B9C412-3051-4CB3-B23C-28B7042B25A4}.Release|x86.ActiveCfg = Release|Win32
		{E2B9C412-3051-4CB3-B23C-28B7042B25A4}.Release|x86.Build.0 = Release|Win32
		{8DB026A2-173E-4E5C-8E55-5C871F3D8B85}.Debug|x64.ActiveCfg = Debug|x64
		{8DB026A2-173E-4E5C-8E55-5C871F3D8B85}.Debug|x64.Build.0 = Debug|x64
		{8DB026A2-173E-4E5C-8E55-5C871F3D8B85}.Debug|x86.ActiveCfg = Debug|Win32
		{8DB026A2-173E-4E5C-8E55-5C871F3D8B85}.Debug|x86.Build.0 = Debug|Win32
		{8DB026A2-173E-4E5C-8E55-5C871F3D8B85}.Release|x64.ActiveCfg = Release|x64
		{8DB026A2-173E-4E5C-8E55-5C871F3D8B85}.Release|x64.Build.0 = Release|x64
		{8DB026A2-173E-4E5C-8E55-5C871F3D8B85}.Release|x86.ActiveCfg = Release|Win32
		{8DB026A2-173E-4E5C-8E55-5C871F3D8B85}.Release|x86.Build.0 = Release|Win32
		{94407945-D3CF-4B41-91C4-565708FA7998}.Debug|x64.ActiveCfg = Debug|x64
		{94407945-D3CF-4B41-91C4-565708FA7998}.Debug|x64.Build.0 = Debug|x64
		{94407945-D3CF-4B41-91C4-565708FA7998}.Debug|x86.ActiveCfg = Debug|Win32
		{94407945-D3CF-4B41-91C4-565708FA7998}.Debug|x86.Build.0 = Debug|Win32
		{94407945-D3CF-4B41-91C4-565708FA7998}.Release|x64.ActiveCfg = Release|x64
		{94407945-D3CF-4B41-91C4-565708FA7998}.Release|x64.Build.0 = Release|x64
		{94407945-D3CF-4B41-91C4-565708FA7998}.Release|x86.ActiveCfg = Release|Win32
		{94407945-D3CF-4B41-91C4-565708FA7998}.Release|x86.Build.0 = Release|Win32
		{F369EDEC-CDE7-4A29-BBCD-A7DD293DF56F}.Debug|x64.ActiveCfg = Debug|x64
		{F369EDEC-CDE7-4A29-BBCD-A7DD293DF56F}.Debug|x64.Build.0 = Debug|x64
		{F369EDEC-CDE7-4A29-BBCD-A7DD293DF56F}.Debug|x86.ActiveCfg = Debug|Win32
		{F369EDEC-CDE7-4A29-BBCD-A7DD293DF56F}.Debug|x86.Build.0 = Debug|Win32
		{F369EDEC-CDE7-4A29-BBCD-A7DD293DF56F}.Release|x64.ActiveCfg = Release|x64
		{F369EDEC-CDE7-4A29-BBCD-A7DD293DF56F}.Release|x64.Build.0 = Release|x64
		{F369EDEC-CDE7-4A29-BBCD-A7DD293DF56F}.Release|x86.ActiveCfg = Release|Win32
		{F369EDEC-CDE7-4A29-BBCD-A7DD293DF56F}.Release|x86.Build.0 = Release|Win32
		{2223F67B-5732-4AD2-9B97-6A567D725F21}.Debug|x64.ActiveCfg = Debug|x64
		{2223F67B-5732-4AD2-9B97-6A567D725F21}.Debug|x64.Build.0 = Debug|x64
		{2223F67B-5732-4AD2-9B97-6A567D725F21}.Debug|x86.ActiveCfg = Debug|Win32
		{2223F67B-5732-4AD2-9B97-6A567D725F21}.Debug|x86.Build.0 = Debug|Win32
		{2223F67B-5732-4AD2-9B97-6A567D725F21}.Release|x64.ActiveCfg = Release|x64
		{2223F67B-5732-4AD2-9B97-6A567D725F21}.Release|x64.Build.0 = Release|x64
		{2223F67B-5732-4AD2-9B97-6A567D725F21}.Release|x86.ActiveCfg = Release|Win32
		{2223F67B-5732-4AD2-9B97-6A567D725F21}.Release|x86.Build.0 = Release|Win32
		{37D3A993-6CF5-4CB6-8459-DFBB5B917748}.Debug|x64.ActiveCfg = Debug|x64
		{37D3A993-6CF5-4CB6-8459-DFBB5B917748}.Debug|x64.Build.0 = Debug|x64
		{37D3A993-6CF5-4CB6-8459-DFBB5B917748}.Debug|x86.ActiveCfg = Debug|Win32
		{37D3A993-6CF5-4CB6-8459-DFBB5B917748}.Debug|x86.Build.0 = Debug|Win32
		{37D3A993-6CF5-4CB6-8459-DFBB5B917748}.Release|x64.ActiveCfg = Release|x64
		{37D3A993-6CF5-4CB6-8459-DFBB5B917748}.Release|x64.Build.0 = Release|x64
		{37D3A993-6CF5-4CB6-8459-DFBB5B917748}.Release|x86.ActiveCfg = Release|Win32
		{37D3A993-6CF5-4CB6-8459-DFBB5B917748}.Release|x86.Build.0 = Release|Win32
		{1D8D6EBD-6701-49F8-B893-19E0E7797361}.Debug|x64.ActiveCfg = Debug|x64
		{1D8D6EBD-6701-49F8-B893-19E0E7797361}.Debug|x64.Build.0 = Debug|x64
		{1D8D6EBD-6701-49F8-B893-19E0E7797361}.Debug|x86.ActiveCfg = Debug|Win32
		{1D8D6EBD-6701-49F8-B893-19E0E7797361}.Debug|x86.Build.0 = Debug|Win32
		{1D8D6EBD-6701-49F8-B893-19E0E7797361}.Release|x64.ActiveCfg = Release|x64
		{1D8D6EBD-6701-49F8-B893-19E0E7797361}.Release|x64.Build.0 = Release|x64
		{1D8D6EBD-6701-49F8-B893-19E0E7797361}.Release|x86.ActiveCfg = Release|Win32
		{1D8D6EBD-6701-49F8-B893-19E0E7797361}.Release|x86.Build.0 = Release|Win32
		{629D6C2C-F810-43F8-9490-107687AED89C}.Debug|x64.ActiveCfg = Debug|x64
		{629D6C2C-F810-43F8-9490-107687AED89C}.Debug|x64.Build.0 = Debug|x64
		{629D6C2C-F810-43F8-9490-107687AED89C}.Debug|x86.ActiveCfg = Debug|Win32
		{629D6C2C-F810-43F8-9490-107687AED89C}.Debug|x86.Build.0 = Debug|Win32
		{629D6C2C-F810-43F8-9490-107687AED89C}.Release|x64.ActiveCfg = Release|x64
		{629D6C2C-F810-43F8-9490-107687AED89C}.Release|x64.Build.0 = Release|x64
		{629D6C2C-F810-43F8-9490-107687AED89C}.Release|x86.ActiveCfg = Release|Win32
		{629D6C2C-F810-43F8-9490-107687AED89C}.Release|x86.Build.0 = Release|Win32
		{621115E3-90A4-438A-86A0-38EBAA3DFFE7}.Debug|x64.ActiveCfg = Debug|x64
		{621115E3-90A4-438A-86A0-38EBAA3DFFE7}.Debug|x64.Build.0 = Debug|x64
		{621115E3-90A4-438A-86A0-38EBAA3DFFE7}.Debug|x86.ActiveCfg = Debug|Win32
		{621115E3-90A4-438A-86A0-38EBAA3DFFE7}.Debug|x86.Build.0 = Debug|Win32
		{621115E3-90A4-438A-86A0-38EBAA3DFFE7}.Release|x64.ActiveCfg = Release|x64
		{621115E3-90A4-438A-86A0-38EBAA3DFFE7}.Release|x64.Build.0 = Release|x64
		{621115E3-90A4-438A-86A0-38EBAA3DFFE7}.Release|x86.ActiveCfg = Release|Win32
		{621115E3-90A4-438A-86A0-38EBAA3DFFE7}.Release|x86.Build.0 = Release|Win32
		{57308FEF-1689-4163-83FE-09E0D78A3984}.Debug|x64.ActiveCfg = Debug|x64
		{57308FEF-1689-4163-83FE-09E0D78A3984}.Debug|x64.Build.0 = Debug|x64
		{57308FEF-1689-4163-83FE-09E0D78A3984}.Debug|x86.ActiveCfg = Debug|Win32
		{57308FEF-1689-4163-83FE-09E0D78A3984}.Debug|x86.Build.0 = Debug|Win32
		{57308FEF-1689-4163-83FE-09E0D78A3984}.Release|x64.ActiveCfg = Release|x64
		{57308FEF-1689-4163-83FE-09E0D78A3984}.Release|x64.Build.0 = Release|x64
		{57308FEF-1689-4163-83FE-09E0D78A3984}.Release|x86.ActiveCfg = Release|Win32
		{57308FEF-1689-4163-83FE-09E0D78A3984}.Release|x86.Build.0 = Release|Win32
		{4434D107-83AE-4DFD-9118-9221F9DAE164}.Debug|x64.ActiveCfg = Debug|x64
		{4434D107-83AE-4DFD-9118-9221F9DAE164}.Debug|x64.Build.0 = Debug|x64
		{4434D107-83AE-4DFD-9118-9221F9DAE164}.Debug|x86.ActiveCfg = Debug|Win32
		{4434D107-83AE-4DFD-9118-9221F9DAE164}.Debug|x86.Build.0 = Debug|Win32
		{4434D107-83AE-4DFD-9118-9221F9DAE164}.Release|x64.ActiveCfg = Release|x64
		{4434D107-83AE-4DFD-9118-9221F9DAE164}.Release|x64.Build.0 = Release|x64
		{4434D107-83AE-4DFD-9118-9221F9DAE164}.Release|x86.ActiveCfg = Release|Win32
		{4434D107-83AE-4DFD-9118-9221F9DAE164}.Release|x86.Build.0 = Release|Win32
		{3B5CC89A-692A-4702-A4B7-638CDEAF40F4}.Debug|x64.ActiveCfg = Debug|x64
		{3B5CC89A-692A-4702-A4B7-638CDEAF40F4}.Debug|x64.Build.0 = Debug|x64
		{3B5CC89A-692A-4702-A4B7-638CDEAF40F4}.Debug|x86.ActiveCfg = Debug|Win32
		{3B5CC89A-692A-4702-A4B7-638CDEAF40F4}.Debug|x86.Build.0 = Debug|Win32
		{3B5CC89A-692A-4702-A4B7-638CDEAF40F4}.Release|x64.ActiveCfg = Release|x64
		{3B5CC89A-692A-4702-A4B7-638CDEAF40F4}.Release|x64.Build.0 = Release|x64
		{3B5CC89A-692A-4702-A4B7-638CDEAF40F4}.Release|x86.ActiveCfg = Release|Win32
		{3B5CC89A-692A-4702-A4B7-638CDEAF40F4}.Release|x86.Build.0 = Release|Win32
		{83199135-EBCB-46AB-BB3E-9D2F683984D3}.Debug|x64.ActiveCfg = Debug|x64
		{83199135-EBCB-46AB-BB3E-9D2F683984D3}.Debug|x64.Build.0 = Debug|x64
		{83199135-EBCB-46AB-BB3E-9D2F683984D3}.Debug|x86.ActiveCfg = Debug|Win32
		{83199135-EBCB-46AB-BB3E-9D2F683984D3}.Debug|x86.Build.0 = Debug|Win32
		{83199135-EBCB-46AB-BB3E-9D2F683984D3}.Release|x64.ActiveCfg = Release|x64
		{83199135-EBCB-46AB-BB3E-9D2F683984D3}.Release|x64.Build.0 = Release|x64
		{83199135-EBCB-46AB-BB3E-9D2F683984D3}.Release|x86.ActiveCfg = Release|Win32
		{83199135-EBCB-46AB-BB3E-9D2F683984D3}.Release|x86.Build.0 = Release|Win32
		{5362DF56-18FD-4F66-B5E1-E604EF43E4BA}.Debug|x64.ActiveCfg = Debug|x64
		{5362DF56-18FD-4F66-B5E1-E604EF43E4BA}.Debug|x64.Build.0 = Debug|x64
		{5362DF56-18FD-4F66-B5E1-E604EF43E4BA}.Debug|x86.ActiveCfg = Debug|Win32
		{5362DF56-18FD-4F66-B5E1-E604EF43E4BA}.Debug|x86.Build.0 = Debug|Win32
		{5362DF56-18FD-4F66-B5E1-E604EF43E4BA}.Release|x64.ActiveCfg = Release|x64
		{5362DF56-18FD-4F66-B5E1-E604EF43E4BA}.Release|x64.Build.0 = Release|x64
		{5362DF56-18FD-4F66-B5E1-E604EF43E4BA}.Release|x86.ActiveCfg = Release|Win32
		{5362DF56-18FD-4F66-B5E1-E604EF43E4BA}.Release|x86.Build.0 = Release|Win32
		{162E5BFF-5A6C-4084-94C7-D2A5BF1963F0}.Debug|x64.ActiveCfg = Debug|x64
		{162E5BFF-5A6C-4084-94C7-D2A5BF1963F0}.Debug|x64.Build.0 = Debug|x64
		{162E5BFF-5A6C-4084-94C7-D2A5BF1963F0}.Debug|x86.ActiveCfg = Debug|Win32
		{162E5BFF-5A6C-4084-94C7-D2A5BF1963F0}.Debug|x86.Build.0 = Debug|Win32
		{162E5BFF-5A6C-4084-94C7-D2A5BF1963F0}.Release|x64.ActiveCfg = Release|x64
		{162E5BFF-5A6C-4084-94C7-D2A5BF1963F0}.Release|x64.Build.0 = Release|x64
		{162E5BFF-5A6C-4084-94C7-D2A5BF1963F0}.Release|x86.ActiveCfg = Release|Win32
		{162E5BFF-5A6C-4084-94C7-D2A5BF1963F0}.Release|x86.Build.0 = Release|Win32
		{0692D921-A868-4F87-AF9D-5688445D0C3A}.Debug|x64.ActiveCfg = Debug|x64
		{0692D921-A868-4F87-AF9D-5688445D0C3A}.Debug|x64.Build.0 = Debug|x64
		{0692D921-A868-4F87-AF9D-5688445D0C3A}.Debug|x86.ActiveCfg = Debug|Win32
		{0692D921-A868-4F87-AF9D-5688445D0C3A}.Debug|x86.Build.0 = Debug|Win32
		{0692D921-A868-4F87-AF9D-5688445D0C3A}.Release|x64.ActiveCfg = Release|x64
		{0692D921-A868-4F87-AF9D-5688445D0C3A}.Release|x64.Build.0 = Release|x64
		{0692D921-A868-4F87-AF9D-5688445D0C3A}.Release|x86.ActiveCfg = Release|Win32
		{0692D921-A868-4F87-AF9D-5688445D0C3A}.Release|x86.Build.0 = Release|Win32
		{DED17ADA-6378-47C1-A5C7-9088C8E6DEC7}.Debug|x64.ActiveCfg = Debug|x64
		{DED17ADA-6378-47C1-A5C7-9088C8E6DEC7}.Debug|x64.Build.0 = Debug|x64
		{DED17ADA-6378-47C1-A5C7-9088C8E6DEC7}.Debug|x86.ActiveCfg = Debug|Win32
		{DED17ADA-6378-47C1-A5C7-9088C8E6DEC7}.Debug|x86.Build.0 = Debug|Win32
		{DED17ADA-6378-47C1-A5C7-9088C8E6DEC7}.Release|x64.ActiveCfg = Release|x64
		{DED17ADA-6378-47C1-A5C7-9088C8E6DEC7}.Release|x64.Build.0 = Release|x64
		{DED17ADA-6378-47C1-A5C7-9088C8E6DEC7}.Release|x86.ActiveCfg = Release|Win32
		{DED17ADA-6378-47C1-A5C7-9088C8E6DEC7}.Release|x86.Build.0 = Release|Win32
		{935C06FB-1297-4E1A-B0BB-9DC15115466A}.Debug|x64.ActiveCfg = Debug|x64
		{935C06FB-1297-4E1A-B0BB-9DC15115466A}.Debug|x64.Build.0 = Debug|x64
		{935C06FB-1297-4E1A-B0BB-9DC15115466A}.Debug|x86.ActiveCfg = Debug|Win32
		{935C06FB-1297-4E1A-B0BB-9DC15115466A}.Debug|x86.Build.0 = Debug|Win32
		{935C06FB-1297-4E1A-B0BB-9DC15115466A}.Release|x64.ActiveCfg = Release|x64
		{935C06FB-1297-4E1A-B0BB-9DC15115466A}.Release|x64.Build.0 = Release|x64
		{935C06FB-1297-4E1A-B0BB-9DC15115466A}.Release|x86.ActiveCfg = Release|Win32
		{935C06FB-1297-4E1A-B0BB-9DC15115466A}.Release|x86.Build.0 = Release|Win32
		{3AB79EB7-1DF5-43E8-A99E-2BD64FE77769}.Debug|x64.ActiveCfg = Debug|x64
		{3AB79EB7-1DF5-43E8-A99E-2BD64FE77769}.Debug|x64.Build.0 = Debug|x64
		{3AB79EB7-1DF5-43E8-A99E-2BD64FE77769}.Debug|x86.ActiveCfg = Debug|Win32
		{3AB79EB7-1DF5-43E8-A99E-2BD64FE77769}.Debug|x86.Build.0 = Debug|Win32
		{3AB79EB7-1DF5-43E8-A99E-2BD64FE77769}.Release|x64.ActiveCfg = Release|x64
		{3AB79EB7-1DF5-43E8-A99E-2BD64FE77769}.Release|x64.Build.0 = Release|x64
		{3AB79EB7-1DF5-43E8-A99E-2BD64FE77769}.Release|x86.ActiveCfg = Release|Win32
		{3AB79EB7-1DF5-43E8-A99E-2BD64FE77769}.Release|x86.Build.0 = Release|Win32
		{815730D8-F9ED-4852-80F7-B633CA6F64E9}.Debug|x64.ActiveCfg = Debug|x64
		{815730D8-F9ED-4852-80F7-B633CA6F64E9}.Debug|x64.Build.0 = Debug|x64
		{815730D8-F9ED-4852-80F7-B633CA6F64E9}.Debug|x86.ActiveCfg = Debug|Win32
		{815730D8-F9ED-4852-80F7-B633CA6F64E9}.Debug|x86.Build.0 = Debug|Win32
		{815730D8-F9ED-4852-80F7-B633CA6F64E9}.Release|x64.ActiveCfg = Release|x64
		{815730D8-F9ED-4852-80F7-B633CA6F64E9}.Release|x64.Build.0 = Release|x64
		{815730D8-F9ED-4852-80F7-B633CA6F64E9}.Release|x86.ActiveCfg = Release|Win32
		{815730D8-F9ED-4852-80F7-B633CA6F64E9}.Release|x86.Build.0 = Release|Win32
		{173C674E-C717-4AD3-875A-9FF02805B009}.Debug|x64.ActiveCfg = Debug|x64
		{173C674E-C717-4AD3-875A-9FF02805B009}.Debug|x64.Build.0 = Debug|x64
		{173C674E-C717-4AD3-875A-9FF02805B009}.Debug|x86.ActiveCfg = Debug|Win32
		{173C674E-C717-4AD3-875A-9FF02805B009}.Debug|x86.Build.0 = Debug|Win32
		{173C674E-C717-4AD3-875A-9FF02805B009}.Release|x64.ActiveCfg = Release|x64
		{173C674E-C717-4AD3-875A-9FF02805B009}.Release|x64.Build.0 = Release|x64
		{173C674E-C717-4AD3-875A-9FF02805B009}.Release|x86.ActiveCfg = Release|Win32
		{173C674E-C717-4AD3-875A-9FF02805B009}.Release|x86.Build.0 = Release|Win32
		{47DFCBBE-1334-4035-9210-99D25F8CC358}.Debug|x64.ActiveCfg = Debug|x64
		{47DFCBBE-1334-4035-9210-99D25F8CC358}.Debug|x64.Build.0 = Debug|x64
		{47DFCBBE-1334-4035-9210-99D25F8CC358}.Debug|x86.ActiveCfg = Debug|Win32
		{47DFCBBE-1334-4035-9210-99D25F8CC358}.Debug|x86.Build.0 = Debug|Win32
		{47DFCBBE-1334-4035-9210-99D25F8CC358}.Release|x64.ActiveCfg = Release|x64
		{47DFCBBE-1334-4035-9210-99D25F8CC358}.Release|x64.Build.0 = Release|x64
		{47DFCBBE-1334-4035-9210-99D25F8CC358}.Release|x86.ActiveCfg = Release|Win32
		{47DFCBBE-1334-4035-9210-99D25F8CC358}.Release|x86.Build.0 = Release|Win32
	EndGlobalSection
	GlobalSection(SolutionProperties) = preSolution
		HideSolutionNode = FALSE
	EndGlobalSection
	GlobalSection(ExtensibilityGlobals) = postSolution
		SolutionGuid = {25F97552-C1D1-4BDD-8DFC-9ADF76C5E24F}
	EndGlobalSection
EndGlobal
